
Microsoft Visual Studio Solution File, Format Version 12.00
# Visual Studio Version 16
VisualStudioVersion = 16.0.32602.291
MinimumVisualStudioVersion = 10.0.40219.1
Project("{FAE04EC0-301F-11D3-BF4B-00C04F79EFBC}") = "QMS", "QMS.csproj", "{21468F2F-6936-4DD4-AD3D-CA49564FFC76}"
EndProject
Global
	GlobalSection(SolutionConfigurationPlatforms) = preSolution
		Debug|Any CPU = Debug|Any CPU
		Release|Any CPU = Release|Any CPU
	EndGlobalSection
	GlobalSection(ProjectConfigurationPlatforms) = postSolution
		{21468F2F-6936-4DD4-AD3D-CA49564FFC76}.Debug|Any CPU.ActiveCfg = Debug|Any CPU
		{21468F2F-6936-4DD4-AD3D-CA49564FFC76}.Debug|Any CPU.Build.0 = Debug|Any CPU
		{21468F2F-6936-4DD4-AD3D-CA49564FFC76}.Release|Any CPU.ActiveCfg = Release|Any CPU
		{21468F2F-6936-4DD4-AD3D-CA49564FFC76}.Release|Any CPU.Build.0 = Release|Any CPU
	EndGlobalSection
	GlobalSection(SolutionProperties) = preSolution
		HideSolutionNode = FALSE
	EndGlobalSection
	GlobalSection(ExtensibilityGlobals) = postSolution
		SolutionGuid = {C21161C4-1A8A-466F-BF6C-8E8DBEBE8793}
	EndGlobalSection
EndGlobal
